
Microsoft Visual Studio Solution File, Format Version 12.00
# Visual Studio Version 16
VisualStudioVersion = 16.0.30503.244
MinimumVisualStudioVersion = 10.0.40219.1
Project("{8BC9CEB8-8B4A-11D0-8D11-00A0C91BC942}") = "Szkola", "Szkola\Szkola.vcxproj", "{78DCF111-78F8-4E1E-BED2-392E5DF19EBD}"
EndProject
Project("{8BC9CEB8-8B4A-11D0-8D11-00A0C91BC942}") = "PierwszaKlasa", "PierwszaKlasa\PierwszaKlasa.vcxproj", "{E9548701-AC1B-4485-A391-761622F50C70}"
EndProject
Project("{FAE04EC0-301F-11D3-BF4B-00C04F79EFBC}") = "Csharp", "Csharp\Csharp.csproj", "{22F209C4-1562-40DE-81D1-ADEA7152B950}"
EndProject
Global
	GlobalSection(SolutionConfigurationPlatforms) = preSolution
		Debug|Any CPU = Debug|Any CPU
		Debug|x64 = Debug|x64
		Debug|x86 = Debug|x86
		Release|Any CPU = Release|Any CPU
		Release|x64 = Release|x64
		Release|x86 = Release|x86
	EndGlobalSection
	GlobalSection(ProjectConfigurationPlatforms) = postSolution
		{78DCF111-78F8-4E1E-BED2-392E5DF19EBD}.Debug|Any CPU.ActiveCfg = Debug|Win32
		{78DCF111-78F8-4E1E-BED2-392E5DF19EBD}.Debug|x64.ActiveCfg = Debug|x64
		{78DCF111-78F8-4E1E-BED2-392E5DF19EBD}.Debug|x64.Build.0 = Debug|x64
		{78DCF111-78F8-4E1E-BED2-392E5DF19EBD}.Debug|x86.ActiveCfg = Debug|Win32
		{78DCF111-78F8-4E1E-BED2-392E5DF19EBD}.Debug|x86.Build.0 = Debug|Win32
		{78DCF111-78F8-4E1E-BED2-392E5DF19EBD}.Release|Any CPU.ActiveCfg = Release|Win32
		{78DCF111-78F8-4E1E-BED2-392E5DF19EBD}.Release|x64.ActiveCfg = Release|x64
		{78DCF111-78F8-4E1E-BED2-392E5DF19EBD}.Release|x64.Build.0 = Release|x64
		{78DCF111-78F8-4E1E-BED2-392E5DF19EBD}.Release|x86.ActiveCfg = Release|Win32
		{78DCF111-78F8-4E1E-BED2-392E5DF19EBD}.Release|x86.Build.0 = Release|Win32
		{E9548701-AC1B-4485-A391-761622F50C70}.Debug|Any CPU.ActiveCfg = Debug|Win32
		{E9548701-AC1B-4485-A391-761622F50C70}.Debug|x64.ActiveCfg = Debug|x64
		{E9548701-AC1B-4485-A391-761622F50C70}.Debug|x64.Build.0 = Debug|x64
		{E9548701-AC1B-4485-A391-761622F50C70}.Debug|x86.ActiveCfg = Debug|Win32
		{E9548701-AC1B-4485-A391-761622F50C70}.Debug|x86.Build.0 = Debug|Win32
		{E9548701-AC1B-4485-A391-761622F50C70}.Release|Any CPU.ActiveCfg = Release|Win32
		{E9548701-AC1B-4485-A391-761622F50C70}.Release|x64.ActiveCfg = Release|x64
		{E9548701-AC1B-4485-A391-761622F50C70}.Release|x64.Build.0 = Release|x64
		{E9548701-AC1B-4485-A391-761622F50C70}.Release|x86.ActiveCfg = Release|Win32
		{E9548701-AC1B-4485-A391-761622F50C70}.Release|x86.Build.0 = Release|Win32
		{22F209C4-1562-40DE-81D1-ADEA7152B950}.Debug|Any CPU.ActiveCfg = Debug|Any CPU
		{22F209C4-1562-40DE-81D1-ADEA7152B950}.Debug|Any CPU.Build.0 = Debug|Any CPU
		{22F209C4-1562-40DE-81D1-ADEA7152B950}.Debug|x64.ActiveCfg = Debug|Any CPU
		{22F209C4-1562-40DE-81D1-ADEA7152B950}.Debug|x64.Build.0 = Debug|Any CPU
		{22F209C4-1562-40DE-81D1-ADEA7152B950}.Debug|x86.ActiveCfg = Debug|Any CPU
		{22F209C4-1562-40DE-81D1-ADEA7152B950}.Debug|x86.Build.0 = Debug|Any CPU
		{22F209C4-1562-40DE-81D1-ADEA7152B950}.Release|Any CPU.ActiveCfg = Release|Any CPU
		{22F209C4-1562-40DE-81D1-ADEA7152B950}.Release|Any CPU.Build.0 = Release|Any CPU
		{22F209C4-1562-40DE-81D1-ADEA7152B950}.Release|x64.ActiveCfg = Release|Any CPU
		{22F209C4-1562-40DE-81D1-ADEA7152B950}.Release|x64.Build.0 = Release|Any CPU
		{22F209C4-1562-40DE-81D1-ADEA7152B950}.Release|x86.ActiveCfg = Release|Any CPU
		{22F209C4-1562-40DE-81D1-ADEA7152B950}.Release|x86.Build.0 = Release|Any CPU
	EndGlobalSection
	GlobalSection(SolutionProperties) = preSolution
		HideSolutionNode = FALSE
	EndGlobalSection
	GlobalSection(ExtensibilityGlobals) = postSolution
		SolutionGuid = {33C2AE18-FEC6-4972-980E-812E8F130CEB}
	EndGlobalSection
EndGlobal
